// !$*UTF8*$!
{
	archiveVersion = 1;
	classes = {
	};
	objectVersion = 56;
	objects = {

/* Begin PBXBuildFile section */
		A11EAE902AB97BFC008E56B5 /* TDEEWrapperView.swift in Sources */ = {isa = PBXBuildFile; fileRef = A11EAE8F2AB97BFC008E56B5 /* TDEEWrapperView.swift */; };
		A12005182AB58B3B00E11DF6 /* InputFieldManager.swift in Sources */ = {isa = PBXBuildFile; fileRef = A12005172AB58B3B00E11DF6 /* InputFieldManager.swift */; };
		A120051A2AB5A22800E11DF6 /* SignupView.swift in Sources */ = {isa = PBXBuildFile; fileRef = A12005192AB5A22800E11DF6 /* SignupView.swift */; };
		A120051D2AB6E9BE00E11DF6 /* TDDEFormView.swift in Sources */ = {isa = PBXBuildFile; fileRef = A120051C2AB6E9BE00E11DF6 /* TDDEFormView.swift */; };
		A120051F2AB74B6000E11DF6 /* testView.swift in Sources */ = {isa = PBXBuildFile; fileRef = A120051E2AB74B6000E11DF6 /* testView.swift */; };
		A12005212AB74F6200E11DF6 /* TDEEWelcomeList.swift in Sources */ = {isa = PBXBuildFile; fileRef = A12005202AB74F6200E11DF6 /* TDEEWelcomeList.swift */; };
		A1556EDF2AB2E42E00074074 /* OnLoadingPageView.swift in Sources */ = {isa = PBXBuildFile; fileRef = A1556EDE2AB2E42E00074074 /* OnLoadingPageView.swift */; };
		A1556EE12AB2EB9B00074074 /* OnLoadingList.swift in Sources */ = {isa = PBXBuildFile; fileRef = A1556EE02AB2EB9B00074074 /* OnLoadingList.swift */; };
		A17132F32AB5728D00F103CF /* TestProgress.swift in Sources */ = {isa = PBXBuildFile; fileRef = A17132F22AB5728D00F103CF /* TestProgress.swift */; };
		A17132F52AB573B500F103CF /* Progress.swift in Sources */ = {isa = PBXBuildFile; fileRef = A17132F42AB573B500F103CF /* Progress.swift */; };
		A17B54192AB039960096A8A9 /* AuthViewModel.swift in Sources */ = {isa = PBXBuildFile; fileRef = A17B54182AB039960096A8A9 /* AuthViewModel.swift */; };
		A17B541B2AB039B70096A8A9 /* ImageProcessing.swfit.swift in Sources */ = {isa = PBXBuildFile; fileRef = A17B541A2AB039B70096A8A9 /* ImageProcessing.swfit.swift */; };
		A17F89382AB82BC500D0FBD7 /* TDEEPersonalView.swift in Sources */ = {isa = PBXBuildFile; fileRef = A17F89372AB82BC500D0FBD7 /* TDEEPersonalView.swift */; };
		A17F893A2AB837B800D0FBD7 /* RecipeCard.swift in Sources */ = {isa = PBXBuildFile; fileRef = A17F89392AB837B800D0FBD7 /* RecipeCard.swift */; };
		A188D5AA2AB1747700E8FF0E /* RoundedCorners.swift in Sources */ = {isa = PBXBuildFile; fileRef = A188D5A92AB1747700E8FF0E /* RoundedCorners.swift */; };
		A188D5AC2AB1749300E8FF0E /* PopUp.swift in Sources */ = {isa = PBXBuildFile; fileRef = A188D5AB2AB1749300E8FF0E /* PopUp.swift */; };
		A188D5AF2AB1870500E8FF0E /* TestColors.swift in Sources */ = {isa = PBXBuildFile; fileRef = A188D5AE2AB1870500E8FF0E /* TestColors.swift */; };
		A1A85E582AAEF08500875285 /* ZillaSlab-Regular.ttf in Resources */ = {isa = PBXBuildFile; fileRef = A1A85E4F2AAEF08500875285 /* ZillaSlab-Regular.ttf */; };
		A1A85E592AAEF08500875285 /* ZillaSlab-BoldItalic.ttf in Resources */ = {isa = PBXBuildFile; fileRef = A1A85E502AAEF08500875285 /* ZillaSlab-BoldItalic.ttf */; };
		A1A85E5A2AAEF08500875285 /* ZillaSlab-SemiBoldItalic.ttf in Resources */ = {isa = PBXBuildFile; fileRef = A1A85E512AAEF08500875285 /* ZillaSlab-SemiBoldItalic.ttf */; };
		A1A85E5B2AAEF08500875285 /* ZillaSlab-LightItalic.ttf in Resources */ = {isa = PBXBuildFile; fileRef = A1A85E522AAEF08500875285 /* ZillaSlab-LightItalic.ttf */; };
		A1A85E5C2AAEF08500875285 /* ZillaSlab-Light.ttf in Resources */ = {isa = PBXBuildFile; fileRef = A1A85E532AAEF08500875285 /* ZillaSlab-Light.ttf */; };
		A1A85E5D2AAEF08500875285 /* ZillaSlab-Bold.ttf in Resources */ = {isa = PBXBuildFile; fileRef = A1A85E542AAEF08500875285 /* ZillaSlab-Bold.ttf */; };
		A1A85E5E2AAEF08500875285 /* ZillaSlab-SemiBold.ttf in Resources */ = {isa = PBXBuildFile; fileRef = A1A85E552AAEF08500875285 /* ZillaSlab-SemiBold.ttf */; };
		A1A85E5F2AAEF08500875285 /* ZillaSlab-Italic.ttf in Resources */ = {isa = PBXBuildFile; fileRef = A1A85E562AAEF08500875285 /* ZillaSlab-Italic.ttf */; };
		A1A85E602AAEF08500875285 /* ZillaSlab-Medium.ttf in Resources */ = {isa = PBXBuildFile; fileRef = A1A85E572AAEF08500875285 /* ZillaSlab-Medium.ttf */; };
		A1A85E622AAEF08C00875285 /* ZillaSlab-MediumItalic.ttf in Resources */ = {isa = PBXBuildFile; fileRef = A1A85E612AAEF08C00875285 /* ZillaSlab-MediumItalic.ttf */; };
		A1A85E682AAF031E00875285 /* Color.swift in Sources */ = {isa = PBXBuildFile; fileRef = A1A85E672AAF031E00875285 /* Color.swift */; };
		A53A6B812AAF2E81007ECBCD /* Recipe.swift in Sources */ = {isa = PBXBuildFile; fileRef = A53A6B802AAF2E81007ECBCD /* Recipe.swift */; };
		A53A6B872AAF6080007ECBCD /* FirebaseImage.swift in Sources */ = {isa = PBXBuildFile; fileRef = A53A6B862AAF6080007ECBCD /* FirebaseImage.swift */; };
		A548C0552AADBA9F00884B91 /* FoodRecipeApp.swift in Sources */ = {isa = PBXBuildFile; fileRef = A548C0542AADBA9F00884B91 /* FoodRecipeApp.swift */; };
		A548C0572AADBA9F00884B91 /* ContentView.swift in Sources */ = {isa = PBXBuildFile; fileRef = A548C0562AADBA9F00884B91 /* ContentView.swift */; };
		A548C0592AADBAA000884B91 /* Assets.xcassets in Resources */ = {isa = PBXBuildFile; fileRef = A548C0582AADBAA000884B91 /* Assets.xcassets */; };
		A548C05C2AADBAA000884B91 /* Preview Assets.xcassets in Resources */ = {isa = PBXBuildFile; fileRef = A548C05B2AADBAA000884B91 /* Preview Assets.xcassets */; };
		A548C0632AADBD7400884B91 /* GoogleService-Info.plist in Resources */ = {isa = PBXBuildFile; fileRef = A548C0622AADBD7400884B91 /* GoogleService-Info.plist */; };
		A548C0662AADBE0B00884B91 /* FirebaseAuth in Frameworks */ = {isa = PBXBuildFile; productRef = A548C0652AADBE0B00884B91 /* FirebaseAuth */; };
		A548C0682AADBE0B00884B91 /* FirebaseFirestore in Frameworks */ = {isa = PBXBuildFile; productRef = A548C0672AADBE0B00884B91 /* FirebaseFirestore */; };
		A548C06A2AADBE0B00884B91 /* FirebaseFirestoreSwift in Frameworks */ = {isa = PBXBuildFile; productRef = A548C0692AADBE0B00884B91 /* FirebaseFirestoreSwift */; };
		A548C06C2AADBE0B00884B91 /* FirebaseStorage in Frameworks */ = {isa = PBXBuildFile; productRef = A548C06B2AADBE0B00884B91 /* FirebaseStorage */; };
		A548C0772AADBF9400884B91 /* LoginView.swift in Sources */ = {isa = PBXBuildFile; fileRef = A548C0762AADBF9400884B91 /* LoginView.swift */; };
		A548C07B2AADDD6800884B91 /* User.swift in Sources */ = {isa = PBXBuildFile; fileRef = A548C07A2AADDD6800884B91 /* User.swift */; };
		A548C0812AADE22B00884B91 /* InputField.swift in Sources */ = {isa = PBXBuildFile; fileRef = A548C0802AADE22B00884B91 /* InputField.swift */; };
		A548C0832AADE27C00884B91 /* Alert.swift in Sources */ = {isa = PBXBuildFile; fileRef = A548C0822AADE27C00884B91 /* Alert.swift */; };
		A548C0852AADE2D400884B91 /* UserAvatar.swift in Sources */ = {isa = PBXBuildFile; fileRef = A548C0842AADE2D400884B91 /* UserAvatar.swift */; };
		A548C0872AADE37C00884B91 /* UserProfileView.swift in Sources */ = {isa = PBXBuildFile; fileRef = A548C0862AADE37C00884B91 /* UserProfileView.swift */; };
		A57741F42AB43CBC009B4882 /* HomeViewModel.swift in Sources */ = {isa = PBXBuildFile; fileRef = A57741F32AB43CBC009B4882 /* HomeViewModel.swift */; };
		A57741F62AB45F97009B4882 /* RecipeDetailViewModel.swift in Sources */ = {isa = PBXBuildFile; fileRef = A57741F52AB45F97009B4882 /* RecipeDetailViewModel.swift */; };
		A57741F82AB483C7009B4882 /* SearchViewModel.swift in Sources */ = {isa = PBXBuildFile; fileRef = A57741F72AB483C7009B4882 /* SearchViewModel.swift */; };
		A57741FA2AB5E4D1009B4882 /* DateTimeFormat.swift in Sources */ = {isa = PBXBuildFile; fileRef = A57741F92AB5E4D1009B4882 /* DateTimeFormat.swift */; };
		A5A529A32AB931B600F2591F /* UserProfileViewModel.swift in Sources */ = {isa = PBXBuildFile; fileRef = A5A529A22AB931B600F2591F /* UserProfileViewModel.swift */; };
		A5A529A52ABA1A9900F2591F /* TDDEViewModel.swift in Sources */ = {isa = PBXBuildFile; fileRef = A5A529A42ABA1A9900F2591F /* TDDEViewModel.swift */; };
		A5F1C2D82AB324B500949874 /* UserManager.swift in Sources */ = {isa = PBXBuildFile; fileRef = A5F1C2D62AB324B400949874 /* UserManager.swift */; };
		A5F1C2D92AB324B500949874 /* RecipeManger.swift in Sources */ = {isa = PBXBuildFile; fileRef = A5F1C2D72AB324B400949874 /* RecipeManger.swift */; };
		A5F1C2DB2AB3265D00949874 /* Errors.swift in Sources */ = {isa = PBXBuildFile; fileRef = A5F1C2DA2AB3265D00949874 /* Errors.swift */; };
		C26D206C2AB19AE00003376E /* HomeView.swift in Sources */ = {isa = PBXBuildFile; fileRef = C26D206B2AB19AE00003376E /* HomeView.swift */; };
		C2C5F22B2AB85A4A003A54A6 /* CreateRecipeViewModel.swift in Sources */ = {isa = PBXBuildFile; fileRef = C2C5F22A2AB85A4A003A54A6 /* CreateRecipeViewModel.swift */; };
		C2C88E222AB4434200312F8A /* RecipeListView.swift in Sources */ = {isa = PBXBuildFile; fileRef = C2C88E212AB4434200312F8A /* RecipeListView.swift */; };
		C2C88E242AB443C000312F8A /* RecipeDetailViewDemo.swift in Sources */ = {isa = PBXBuildFile; fileRef = C2C88E232AB443C000312F8A /* RecipeDetailViewDemo.swift */; };
		C2C88E282AB4480F00312F8A /* SavedRecipeListView.swift in Sources */ = {isa = PBXBuildFile; fileRef = C2C88E272AB4480F00312F8A /* SavedRecipeListView.swift */; };
		C2E927882AB4D17600C9E450 /* CreateRecipeView.swift in Sources */ = {isa = PBXBuildFile; fileRef = C2E927872AB4D17600C9E450 /* CreateRecipeView.swift */; };
		C2E9278A2AB4D48C00C9E450 /* CreateIntroView.swift in Sources */ = {isa = PBXBuildFile; fileRef = C2E927892AB4D48C00C9E450 /* CreateIntroView.swift */; };
		C2E9278C2AB4D52E00C9E450 /* CreateIngredientsView.swift in Sources */ = {isa = PBXBuildFile; fileRef = C2E9278B2AB4D52E00C9E450 /* CreateIngredientsView.swift */; };
		C2E9278E2AB4D56900C9E450 /* CreateStepsView.swift in Sources */ = {isa = PBXBuildFile; fileRef = C2E9278D2AB4D56900C9E450 /* CreateStepsView.swift */; };
		CC85B0C22AB1A6B400913056 /* SearchView.swift in Sources */ = {isa = PBXBuildFile; fileRef = CC85B0C12AB1A6B400913056 /* SearchView.swift */; };
		CC85B0C62AB1A78900913056 /* SearchBar.swift in Sources */ = {isa = PBXBuildFile; fileRef = CC85B0C52AB1A78900913056 /* SearchBar.swift */; };
		CC8D21872AB00B2A0036ABF3 /* IngredientsView.swift in Sources */ = {isa = PBXBuildFile; fileRef = CC8D21862AB00B2A0036ABF3 /* IngredientsView.swift */; };
		CC8D21892AB012EA0036ABF3 /* SectionContainerView.swift in Sources */ = {isa = PBXBuildFile; fileRef = CC8D21882AB012EA0036ABF3 /* SectionContainerView.swift */; };
		CC8D218B2AB0164F0036ABF3 /* SectionTitleView.swift in Sources */ = {isa = PBXBuildFile; fileRef = CC8D218A2AB0164F0036ABF3 /* SectionTitleView.swift */; };
		CC8D218D2AB01D080036ABF3 /* StepsView.swift in Sources */ = {isa = PBXBuildFile; fileRef = CC8D218C2AB01D080036ABF3 /* StepsView.swift */; };
		CC8D21902AB08D6F0036ABF3 /* SlidingTabView in Frameworks */ = {isa = PBXBuildFile; productRef = CC8D218F2AB08D6F0036ABF3 /* SlidingTabView */; };
		CCD3FD542AB5A4F300B51F67 /* CompactRecipeCard.swift in Sources */ = {isa = PBXBuildFile; fileRef = CCD3FD532AB5A4F300B51F67 /* CompactRecipeCard.swift */; };
		CCD3FD562AB5B83B00B51F67 /* CookModeView.swift in Sources */ = {isa = PBXBuildFile; fileRef = CCD3FD552AB5B83B00B51F67 /* CookModeView.swift */; };
		CCD973E92AAF0A7100E1AF9C /* RecipeDetailView.swift in Sources */ = {isa = PBXBuildFile; fileRef = CCD973E82AAF0A7100E1AF9C /* RecipeDetailView.swift */; };
		CCD973EC2AAF2D6600E1AF9C /* TagView.swift in Sources */ = {isa = PBXBuildFile; fileRef = CCD973EB2AAF2D6600E1AF9C /* TagView.swift */; };
		CCD973EE2AAF3D3300E1AF9C /* NutritionView.swift in Sources */ = {isa = PBXBuildFile; fileRef = CCD973ED2AAF3D3300E1AF9C /* NutritionView.swift */; };
		CCE488562AB71B4600A58FFA /* NavBar.swift in Sources */ = {isa = PBXBuildFile; fileRef = CCE488552AB71B4600A58FFA /* NavBar.swift */; };
		CCE488582AB723A000A58FFA /* PageView.swift in Sources */ = {isa = PBXBuildFile; fileRef = CCE488572AB723A000A58FFA /* PageView.swift */; };
/* End PBXBuildFile section */

/* Begin PBXFileReference section */
		A11EAE8F2AB97BFC008E56B5 /* TDEEWrapperView.swift */ = {isa = PBXFileReference; lastKnownFileType = sourcecode.swift; path = TDEEWrapperView.swift; sourceTree = "<group>"; };
		A12005172AB58B3B00E11DF6 /* InputFieldManager.swift */ = {isa = PBXFileReference; lastKnownFileType = sourcecode.swift; path = InputFieldManager.swift; sourceTree = "<group>"; };
		A12005192AB5A22800E11DF6 /* SignupView.swift */ = {isa = PBXFileReference; fileEncoding = 4; lastKnownFileType = sourcecode.swift; path = SignupView.swift; sourceTree = "<group>"; };
		A120051C2AB6E9BE00E11DF6 /* TDDEFormView.swift */ = {isa = PBXFileReference; lastKnownFileType = sourcecode.swift; path = TDDEFormView.swift; sourceTree = "<group>"; };
		A120051E2AB74B6000E11DF6 /* testView.swift */ = {isa = PBXFileReference; lastKnownFileType = sourcecode.swift; path = testView.swift; sourceTree = "<group>"; };
		A12005202AB74F6200E11DF6 /* TDEEWelcomeList.swift */ = {isa = PBXFileReference; lastKnownFileType = sourcecode.swift; path = TDEEWelcomeList.swift; sourceTree = "<group>"; };
		A1556EDE2AB2E42E00074074 /* OnLoadingPageView.swift */ = {isa = PBXFileReference; lastKnownFileType = sourcecode.swift; path = OnLoadingPageView.swift; sourceTree = "<group>"; };
		A1556EE02AB2EB9B00074074 /* OnLoadingList.swift */ = {isa = PBXFileReference; lastKnownFileType = sourcecode.swift; path = OnLoadingList.swift; sourceTree = "<group>"; };
		A17132F22AB5728D00F103CF /* TestProgress.swift */ = {isa = PBXFileReference; lastKnownFileType = sourcecode.swift; path = TestProgress.swift; sourceTree = "<group>"; };
		A17132F42AB573B500F103CF /* Progress.swift */ = {isa = PBXFileReference; lastKnownFileType = sourcecode.swift; path = Progress.swift; sourceTree = "<group>"; };
		A17B54182AB039960096A8A9 /* AuthViewModel.swift */ = {isa = PBXFileReference; lastKnownFileType = sourcecode.swift; path = AuthViewModel.swift; sourceTree = "<group>"; };
		A17B541A2AB039B70096A8A9 /* ImageProcessing.swfit.swift */ = {isa = PBXFileReference; lastKnownFileType = sourcecode.swift; name = ImageProcessing.swfit.swift; path = FoodRecipe/Extensions/ImageProcessing.swfit.swift; sourceTree = SOURCE_ROOT; };
		A17F89372AB82BC500D0FBD7 /* TDEEPersonalView.swift */ = {isa = PBXFileReference; lastKnownFileType = sourcecode.swift; path = TDEEPersonalView.swift; sourceTree = "<group>"; };
		A17F89392AB837B800D0FBD7 /* RecipeCard.swift */ = {isa = PBXFileReference; lastKnownFileType = sourcecode.swift; path = RecipeCard.swift; sourceTree = "<group>"; };
		A188D5A92AB1747700E8FF0E /* RoundedCorners.swift */ = {isa = PBXFileReference; lastKnownFileType = sourcecode.swift; path = RoundedCorners.swift; sourceTree = "<group>"; };
		A188D5AB2AB1749300E8FF0E /* PopUp.swift */ = {isa = PBXFileReference; lastKnownFileType = sourcecode.swift; path = PopUp.swift; sourceTree = "<group>"; };
		A188D5AE2AB1870500E8FF0E /* TestColors.swift */ = {isa = PBXFileReference; lastKnownFileType = sourcecode.swift; path = TestColors.swift; sourceTree = "<group>"; };
		A19EAC082AADCB7900639569 /* Script.sh */ = {isa = PBXFileReference; lastKnownFileType = text.script.sh; path = Script.sh; sourceTree = "<group>"; };
		A1A85E4F2AAEF08500875285 /* ZillaSlab-Regular.ttf */ = {isa = PBXFileReference; lastKnownFileType = file; path = "ZillaSlab-Regular.ttf"; sourceTree = "<group>"; };
		A1A85E502AAEF08500875285 /* ZillaSlab-BoldItalic.ttf */ = {isa = PBXFileReference; lastKnownFileType = file; path = "ZillaSlab-BoldItalic.ttf"; sourceTree = "<group>"; };
		A1A85E512AAEF08500875285 /* ZillaSlab-SemiBoldItalic.ttf */ = {isa = PBXFileReference; lastKnownFileType = file; path = "ZillaSlab-SemiBoldItalic.ttf"; sourceTree = "<group>"; };
		A1A85E522AAEF08500875285 /* ZillaSlab-LightItalic.ttf */ = {isa = PBXFileReference; lastKnownFileType = file; path = "ZillaSlab-LightItalic.ttf"; sourceTree = "<group>"; };
		A1A85E532AAEF08500875285 /* ZillaSlab-Light.ttf */ = {isa = PBXFileReference; lastKnownFileType = file; path = "ZillaSlab-Light.ttf"; sourceTree = "<group>"; };
		A1A85E542AAEF08500875285 /* ZillaSlab-Bold.ttf */ = {isa = PBXFileReference; lastKnownFileType = file; path = "ZillaSlab-Bold.ttf"; sourceTree = "<group>"; };
		A1A85E552AAEF08500875285 /* ZillaSlab-SemiBold.ttf */ = {isa = PBXFileReference; lastKnownFileType = file; path = "ZillaSlab-SemiBold.ttf"; sourceTree = "<group>"; };
		A1A85E562AAEF08500875285 /* ZillaSlab-Italic.ttf */ = {isa = PBXFileReference; lastKnownFileType = file; path = "ZillaSlab-Italic.ttf"; sourceTree = "<group>"; };
		A1A85E572AAEF08500875285 /* ZillaSlab-Medium.ttf */ = {isa = PBXFileReference; lastKnownFileType = file; path = "ZillaSlab-Medium.ttf"; sourceTree = "<group>"; };
		A1A85E612AAEF08C00875285 /* ZillaSlab-MediumItalic.ttf */ = {isa = PBXFileReference; lastKnownFileType = file; path = "ZillaSlab-MediumItalic.ttf"; sourceTree = "<group>"; };
		A1A85E672AAF031E00875285 /* Color.swift */ = {isa = PBXFileReference; lastKnownFileType = sourcecode.swift; path = Color.swift; sourceTree = "<group>"; };
		A53A6B802AAF2E81007ECBCD /* Recipe.swift */ = {isa = PBXFileReference; lastKnownFileType = sourcecode.swift; path = Recipe.swift; sourceTree = "<group>"; };
		A53A6B862AAF6080007ECBCD /* FirebaseImage.swift */ = {isa = PBXFileReference; lastKnownFileType = sourcecode.swift; path = FirebaseImage.swift; sourceTree = "<group>"; };
		A548C0512AADBA9F00884B91 /* FoodRecipe.app */ = {isa = PBXFileReference; explicitFileType = wrapper.application; includeInIndex = 0; path = FoodRecipe.app; sourceTree = BUILT_PRODUCTS_DIR; };
		A548C0542AADBA9F00884B91 /* FoodRecipeApp.swift */ = {isa = PBXFileReference; lastKnownFileType = sourcecode.swift; path = FoodRecipeApp.swift; sourceTree = "<group>"; };
		A548C0562AADBA9F00884B91 /* ContentView.swift */ = {isa = PBXFileReference; lastKnownFileType = sourcecode.swift; path = ContentView.swift; sourceTree = "<group>"; };
		A548C0582AADBAA000884B91 /* Assets.xcassets */ = {isa = PBXFileReference; lastKnownFileType = folder.assetcatalog; path = Assets.xcassets; sourceTree = "<group>"; };
		A548C05B2AADBAA000884B91 /* Preview Assets.xcassets */ = {isa = PBXFileReference; lastKnownFileType = folder.assetcatalog; path = "Preview Assets.xcassets"; sourceTree = "<group>"; };
		A548C0622AADBD7400884B91 /* GoogleService-Info.plist */ = {isa = PBXFileReference; fileEncoding = 4; lastKnownFileType = text.plist.xml; path = "GoogleService-Info.plist"; sourceTree = "<group>"; };
		A548C0762AADBF9400884B91 /* LoginView.swift */ = {isa = PBXFileReference; lastKnownFileType = sourcecode.swift; path = LoginView.swift; sourceTree = "<group>"; };
		A548C07A2AADDD6800884B91 /* User.swift */ = {isa = PBXFileReference; lastKnownFileType = sourcecode.swift; path = User.swift; sourceTree = "<group>"; };
		A548C0802AADE22B00884B91 /* InputField.swift */ = {isa = PBXFileReference; lastKnownFileType = sourcecode.swift; path = InputField.swift; sourceTree = "<group>"; };
		A548C0822AADE27C00884B91 /* Alert.swift */ = {isa = PBXFileReference; lastKnownFileType = sourcecode.swift; path = Alert.swift; sourceTree = "<group>"; };
		A548C0842AADE2D400884B91 /* UserAvatar.swift */ = {isa = PBXFileReference; lastKnownFileType = sourcecode.swift; path = UserAvatar.swift; sourceTree = "<group>"; };
		A548C0862AADE37C00884B91 /* UserProfileView.swift */ = {isa = PBXFileReference; lastKnownFileType = sourcecode.swift; path = UserProfileView.swift; sourceTree = "<group>"; };
		A57741F32AB43CBC009B4882 /* HomeViewModel.swift */ = {isa = PBXFileReference; lastKnownFileType = sourcecode.swift; path = HomeViewModel.swift; sourceTree = "<group>"; };
		A57741F52AB45F97009B4882 /* RecipeDetailViewModel.swift */ = {isa = PBXFileReference; lastKnownFileType = sourcecode.swift; path = RecipeDetailViewModel.swift; sourceTree = "<group>"; };
		A57741F72AB483C7009B4882 /* SearchViewModel.swift */ = {isa = PBXFileReference; lastKnownFileType = sourcecode.swift; path = SearchViewModel.swift; sourceTree = "<group>"; };
		A57741F92AB5E4D1009B4882 /* DateTimeFormat.swift */ = {isa = PBXFileReference; lastKnownFileType = sourcecode.swift; path = DateTimeFormat.swift; sourceTree = "<group>"; };
		A5A529A22AB931B600F2591F /* UserProfileViewModel.swift */ = {isa = PBXFileReference; lastKnownFileType = sourcecode.swift; path = UserProfileViewModel.swift; sourceTree = "<group>"; };
		A5A529A42ABA1A9900F2591F /* TDDEViewModel.swift */ = {isa = PBXFileReference; lastKnownFileType = sourcecode.swift; path = TDDEViewModel.swift; sourceTree = "<group>"; };
		A5F1C2D62AB324B400949874 /* UserManager.swift */ = {isa = PBXFileReference; fileEncoding = 4; lastKnownFileType = sourcecode.swift; path = UserManager.swift; sourceTree = "<group>"; };
		A5F1C2D72AB324B400949874 /* RecipeManger.swift */ = {isa = PBXFileReference; fileEncoding = 4; lastKnownFileType = sourcecode.swift; path = RecipeManger.swift; sourceTree = "<group>"; };
		A5F1C2DA2AB3265D00949874 /* Errors.swift */ = {isa = PBXFileReference; fileEncoding = 4; lastKnownFileType = sourcecode.swift; path = Errors.swift; sourceTree = "<group>"; };
		C26D206B2AB19AE00003376E /* HomeView.swift */ = {isa = PBXFileReference; lastKnownFileType = sourcecode.swift; path = HomeView.swift; sourceTree = "<group>"; };
		C2C5F22A2AB85A4A003A54A6 /* CreateRecipeViewModel.swift */ = {isa = PBXFileReference; lastKnownFileType = sourcecode.swift; path = CreateRecipeViewModel.swift; sourceTree = "<group>"; };
		C2C88E212AB4434200312F8A /* RecipeListView.swift */ = {isa = PBXFileReference; lastKnownFileType = sourcecode.swift; path = RecipeListView.swift; sourceTree = "<group>"; };
		C2C88E232AB443C000312F8A /* RecipeDetailViewDemo.swift */ = {isa = PBXFileReference; lastKnownFileType = sourcecode.swift; path = RecipeDetailViewDemo.swift; sourceTree = "<group>"; };
		C2C88E272AB4480F00312F8A /* SavedRecipeListView.swift */ = {isa = PBXFileReference; lastKnownFileType = sourcecode.swift; path = SavedRecipeListView.swift; sourceTree = "<group>"; };
		C2E927872AB4D17600C9E450 /* CreateRecipeView.swift */ = {isa = PBXFileReference; lastKnownFileType = sourcecode.swift; path = CreateRecipeView.swift; sourceTree = "<group>"; };
		C2E927892AB4D48C00C9E450 /* CreateIntroView.swift */ = {isa = PBXFileReference; lastKnownFileType = sourcecode.swift; path = CreateIntroView.swift; sourceTree = "<group>"; };
		C2E9278B2AB4D52E00C9E450 /* CreateIngredientsView.swift */ = {isa = PBXFileReference; lastKnownFileType = sourcecode.swift; path = CreateIngredientsView.swift; sourceTree = "<group>"; };
		C2E9278D2AB4D56900C9E450 /* CreateStepsView.swift */ = {isa = PBXFileReference; lastKnownFileType = sourcecode.swift; path = CreateStepsView.swift; sourceTree = "<group>"; };
		CC85B0C12AB1A6B400913056 /* SearchView.swift */ = {isa = PBXFileReference; lastKnownFileType = sourcecode.swift; path = SearchView.swift; sourceTree = "<group>"; };
		CC85B0C52AB1A78900913056 /* SearchBar.swift */ = {isa = PBXFileReference; lastKnownFileType = sourcecode.swift; path = SearchBar.swift; sourceTree = "<group>"; };
		CC8D21862AB00B2A0036ABF3 /* IngredientsView.swift */ = {isa = PBXFileReference; lastKnownFileType = sourcecode.swift; path = IngredientsView.swift; sourceTree = "<group>"; };
		CC8D21882AB012EA0036ABF3 /* SectionContainerView.swift */ = {isa = PBXFileReference; lastKnownFileType = sourcecode.swift; path = SectionContainerView.swift; sourceTree = "<group>"; };
		CC8D218A2AB0164F0036ABF3 /* SectionTitleView.swift */ = {isa = PBXFileReference; lastKnownFileType = sourcecode.swift; path = SectionTitleView.swift; sourceTree = "<group>"; };
		CC8D218C2AB01D080036ABF3 /* StepsView.swift */ = {isa = PBXFileReference; lastKnownFileType = sourcecode.swift; path = StepsView.swift; sourceTree = "<group>"; };
		CCD3FD532AB5A4F300B51F67 /* CompactRecipeCard.swift */ = {isa = PBXFileReference; lastKnownFileType = sourcecode.swift; path = CompactRecipeCard.swift; sourceTree = "<group>"; };
		CCD3FD552AB5B83B00B51F67 /* CookModeView.swift */ = {isa = PBXFileReference; lastKnownFileType = sourcecode.swift; path = CookModeView.swift; sourceTree = "<group>"; };
		CCD973E82AAF0A7100E1AF9C /* RecipeDetailView.swift */ = {isa = PBXFileReference; lastKnownFileType = sourcecode.swift; path = RecipeDetailView.swift; sourceTree = "<group>"; };
		CCD973EB2AAF2D6600E1AF9C /* TagView.swift */ = {isa = PBXFileReference; lastKnownFileType = sourcecode.swift; path = TagView.swift; sourceTree = "<group>"; };
		CCD973ED2AAF3D3300E1AF9C /* NutritionView.swift */ = {isa = PBXFileReference; lastKnownFileType = sourcecode.swift; path = NutritionView.swift; sourceTree = "<group>"; };
		CCE488552AB71B4600A58FFA /* NavBar.swift */ = {isa = PBXFileReference; lastKnownFileType = sourcecode.swift; path = NavBar.swift; sourceTree = "<group>"; };
		CCE488572AB723A000A58FFA /* PageView.swift */ = {isa = PBXFileReference; lastKnownFileType = sourcecode.swift; path = PageView.swift; sourceTree = "<group>"; };
/* End PBXFileReference section */

/* Begin PBXFrameworksBuildPhase section */
		A548C04E2AADBA9F00884B91 /* Frameworks */ = {
			isa = PBXFrameworksBuildPhase;
			buildActionMask = 2147483647;
			files = (
				A548C0662AADBE0B00884B91 /* FirebaseAuth in Frameworks */,
				CC8D21902AB08D6F0036ABF3 /* SlidingTabView in Frameworks */,
				A548C06C2AADBE0B00884B91 /* FirebaseStorage in Frameworks */,
				A548C0682AADBE0B00884B91 /* FirebaseFirestore in Frameworks */,
				A548C06A2AADBE0B00884B91 /* FirebaseFirestoreSwift in Frameworks */,
			);
			runOnlyForDeploymentPostprocessing = 0;
		};
/* End PBXFrameworksBuildPhase section */

/* Begin PBXGroup section */
		A120051B2AB6E9A300E11DF6 /* TDDE */ = {
			isa = PBXGroup;
			children = (
				A120051C2AB6E9BE00E11DF6 /* TDDEFormView.swift */,
				A17F89372AB82BC500D0FBD7 /* TDEEPersonalView.swift */,
				A17F89392AB837B800D0FBD7 /* RecipeCard.swift */,
				A11EAE8F2AB97BFC008E56B5 /* TDEEWrapperView.swift */,
			);
			path = TDDE;
			sourceTree = "<group>";
		};
		A1556EDD2AB2E3A400074074 /* Welcome */ = {
			isa = PBXGroup;
			children = (
				A1556EDE2AB2E42E00074074 /* OnLoadingPageView.swift */,
				A1556EE02AB2EB9B00074074 /* OnLoadingList.swift */,
				A12005202AB74F6200E11DF6 /* TDEEWelcomeList.swift */,
			);
			path = Welcome;
			sourceTree = "<group>";
		};
		A17B541C2AB03A290096A8A9 /* ViewModels */ = {
			isa = PBXGroup;
			children = (
				A17B54182AB039960096A8A9 /* AuthViewModel.swift */,
				A57741F32AB43CBC009B4882 /* HomeViewModel.swift */,
				A57741F52AB45F97009B4882 /* RecipeDetailViewModel.swift */,
				A57741F72AB483C7009B4882 /* SearchViewModel.swift */,
				C2C5F22A2AB85A4A003A54A6 /* CreateRecipeViewModel.swift */,
				A5A529A22AB931B600F2591F /* UserProfileViewModel.swift */,
				A5A529A42ABA1A9900F2591F /* TDDEViewModel.swift */,
			);
			path = ViewModels;
			sourceTree = "<group>";
		};
		A188D5AD2AB186F100E8FF0E /* Test */ = {
			isa = PBXGroup;
			children = (
				A188D5AE2AB1870500E8FF0E /* TestColors.swift */,
				A17132F22AB5728D00F103CF /* TestProgress.swift */,
				A120051E2AB74B6000E11DF6 /* testView.swift */,
			);
			path = Test;
			sourceTree = "<group>";
		};
		A1A85E482AAEF05500875285 /* Fonts */ = {
			isa = PBXGroup;
			children = (
				A1A85E4F2AAEF08500875285 /* ZillaSlab-Regular.ttf */,
				A1A85E612AAEF08C00875285 /* ZillaSlab-MediumItalic.ttf */,
				A1A85E542AAEF08500875285 /* ZillaSlab-Bold.ttf */,
				A1A85E502AAEF08500875285 /* ZillaSlab-BoldItalic.ttf */,
				A1A85E562AAEF08500875285 /* ZillaSlab-Italic.ttf */,
				A1A85E532AAEF08500875285 /* ZillaSlab-Light.ttf */,
				A1A85E522AAEF08500875285 /* ZillaSlab-LightItalic.ttf */,
				A1A85E572AAEF08500875285 /* ZillaSlab-Medium.ttf */,
				A1A85E552AAEF08500875285 /* ZillaSlab-SemiBold.ttf */,
				A1A85E512AAEF08500875285 /* ZillaSlab-SemiBoldItalic.ttf */,
			);
			path = Fonts;
			sourceTree = "<group>";
		};
		A1A85E662AAF02E300875285 /* Extensions */ = {
			isa = PBXGroup;
			children = (
				A5F1C2DA2AB3265D00949874 /* Errors.swift */,
				A17B541A2AB039B70096A8A9 /* ImageProcessing.swfit.swift */,
				A1A85E672AAF031E00875285 /* Color.swift */,
				A57741F92AB5E4D1009B4882 /* DateTimeFormat.swift */,
			);
			path = Extensions;
			sourceTree = "<group>";
		};
		A548C0482AADBA9F00884B91 = {
			isa = PBXGroup;
			children = (
				A19EAC082AADCB7900639569 /* Script.sh */,
				A548C0532AADBA9F00884B91 /* FoodRecipe */,
				A548C0522AADBA9F00884B91 /* Products */,
			);
			sourceTree = "<group>";
		};
		A548C0522AADBA9F00884B91 /* Products */ = {
			isa = PBXGroup;
			children = (
				A548C0512AADBA9F00884B91 /* FoodRecipe.app */,
			);
			name = Products;
			sourceTree = "<group>";
		};
		A548C0532AADBA9F00884B91 /* FoodRecipe */ = {
			isa = PBXGroup;
			children = (
				A5F1C2D42AB3247A00949874 /* Managers */,
				A17B541C2AB03A290096A8A9 /* ViewModels */,
				A1A85E662AAF02E300875285 /* Extensions */,
				A1A85E482AAEF05500875285 /* Fonts */,
				A548C07F2AADDDD300884B91 /* Components */,
				A548C0712AADBEFD00884B91 /* Models */,
				A548C06D2AADBE2A00884B91 /* Views */,
				A548C0542AADBA9F00884B91 /* FoodRecipeApp.swift */,
				A548C0622AADBD7400884B91 /* GoogleService-Info.plist */,
				A548C0582AADBAA000884B91 /* Assets.xcassets */,
				A548C05A2AADBAA000884B91 /* Preview Content */,
			);
			path = FoodRecipe;
			sourceTree = "<group>";
		};
		A548C05A2AADBAA000884B91 /* Preview Content */ = {
			isa = PBXGroup;
			children = (
				A548C05B2AADBAA000884B91 /* Preview Assets.xcassets */,
			);
			path = "Preview Content";
			sourceTree = "<group>";
		};
		A548C06D2AADBE2A00884B91 /* Views */ = {
			isa = PBXGroup;
			children = (
				A120051B2AB6E9A300E11DF6 /* TDDE */,
				A188D5AD2AB186F100E8FF0E /* Test */,
				C2E927862AB4D14500C9E450 /* CreateRecipe */,
				A1556EDD2AB2E3A400074074 /* Welcome */,
				CC85B0C02AB1A6A200913056 /* Search */,
				C26D20692AB19AB20003376E /* HomeScreen */,
				CCD973E72AAF0A6300E1AF9C /* RecipeDetail */,
				A548C07E2AADDDB700884B91 /* UserProfile */,
				A548C0702AADBE6B00884B91 /* Root */,
				A548C06F2AADBE5F00884B91 /* Authentication */,
			);
			path = Views;
			sourceTree = "<group>";
		};
		A548C06F2AADBE5F00884B91 /* Authentication */ = {
			isa = PBXGroup;
			children = (
				A548C0732AADBF6A00884B91 /* Signup */,
				A548C0722AADBF6400884B91 /* Login */,
			);
			path = Authentication;
			sourceTree = "<group>";
		};
		A548C0702AADBE6B00884B91 /* Root */ = {
			isa = PBXGroup;
			children = (
				A548C0562AADBA9F00884B91 /* ContentView.swift */,
			);
			path = Root;
			sourceTree = "<group>";
		};
		A548C0712AADBEFD00884B91 /* Models */ = {
			isa = PBXGroup;
			children = (
				A548C07A2AADDD6800884B91 /* User.swift */,
				A53A6B802AAF2E81007ECBCD /* Recipe.swift */,
			);
			path = Models;
			sourceTree = "<group>";
		};
		A548C0722AADBF6400884B91 /* Login */ = {
			isa = PBXGroup;
			children = (
				A548C0762AADBF9400884B91 /* LoginView.swift */,
			);
			path = Login;
			sourceTree = "<group>";
		};
		A548C0732AADBF6A00884B91 /* Signup */ = {
			isa = PBXGroup;
			children = (
				A12005192AB5A22800E11DF6 /* SignupView.swift */,
			);
			path = Signup;
			sourceTree = "<group>";
		};
		A548C07E2AADDDB700884B91 /* UserProfile */ = {
			isa = PBXGroup;
			children = (
				A548C0862AADE37C00884B91 /* UserProfileView.swift */,
			);
			path = UserProfile;
			sourceTree = "<group>";
		};
		A548C07F2AADDDD300884B91 /* Components */ = {
			isa = PBXGroup;
			children = (
				A548C0802AADE22B00884B91 /* InputField.swift */,
				A548C0822AADE27C00884B91 /* Alert.swift */,
				A548C0842AADE2D400884B91 /* UserAvatar.swift */,
				CCD973EB2AAF2D6600E1AF9C /* TagView.swift */,
				A53A6B862AAF6080007ECBCD /* FirebaseImage.swift */,
				CC85B0C52AB1A78900913056 /* SearchBar.swift */,
				A188D5A92AB1747700E8FF0E /* RoundedCorners.swift */,
				A188D5AB2AB1749300E8FF0E /* PopUp.swift */,
				CCD3FD532AB5A4F300B51F67 /* CompactRecipeCard.swift */,
				A17132F42AB573B500F103CF /* Progress.swift */,
				CCE488552AB71B4600A58FFA /* NavBar.swift */,
			);
			path = Components;
			sourceTree = "<group>";
		};
		A5F1C2D42AB3247A00949874 /* Managers */ = {
			isa = PBXGroup;
			children = (
				A5F1C2D72AB324B400949874 /* RecipeManger.swift */,
				A5F1C2D62AB324B400949874 /* UserManager.swift */,
				A12005172AB58B3B00E11DF6 /* InputFieldManager.swift */,
			);
			path = Managers;
			sourceTree = "<group>";
		};
		C26D20692AB19AB20003376E /* HomeScreen */ = {
			isa = PBXGroup;
			children = (
				C26D206B2AB19AE00003376E /* HomeView.swift */,
				C2C88E212AB4434200312F8A /* RecipeListView.swift */,
				C2C88E232AB443C000312F8A /* RecipeDetailViewDemo.swift */,
				C2C88E272AB4480F00312F8A /* SavedRecipeListView.swift */,
			);
			path = HomeScreen;
			sourceTree = "<group>";
		};
		C2E927862AB4D14500C9E450 /* CreateRecipe */ = {
			isa = PBXGroup;
			children = (
				C2E927872AB4D17600C9E450 /* CreateRecipeView.swift */,
				C2E927892AB4D48C00C9E450 /* CreateIntroView.swift */,
				C2E9278B2AB4D52E00C9E450 /* CreateIngredientsView.swift */,
				C2E9278D2AB4D56900C9E450 /* CreateStepsView.swift */,
			);
			path = CreateRecipe;
			sourceTree = "<group>";
		};
		CC85B0C02AB1A6A200913056 /* Search */ = {
			isa = PBXGroup;
			children = (
				CC85B0C12AB1A6B400913056 /* SearchView.swift */,
			);
			path = Search;
			sourceTree = "<group>";
		};
		CCD973E72AAF0A6300E1AF9C /* RecipeDetail */ = {
			isa = PBXGroup;
			children = (
				CCD973E82AAF0A7100E1AF9C /* RecipeDetailView.swift */,
				CCD973ED2AAF3D3300E1AF9C /* NutritionView.swift */,
				CC8D21862AB00B2A0036ABF3 /* IngredientsView.swift */,
				CC8D21882AB012EA0036ABF3 /* SectionContainerView.swift */,
				CC8D218A2AB0164F0036ABF3 /* SectionTitleView.swift */,
				CC8D218C2AB01D080036ABF3 /* StepsView.swift */,
				CCD3FD552AB5B83B00B51F67 /* CookModeView.swift */,
				CCE488572AB723A000A58FFA /* PageView.swift */,
			);
			path = RecipeDetail;
			sourceTree = "<group>";
		};
/* End PBXGroup section */

/* Begin PBXNativeTarget section */
		A548C0502AADBA9F00884B91 /* FoodRecipe */ = {
			isa = PBXNativeTarget;
			buildConfigurationList = A548C05F2AADBAA000884B91 /* Build configuration list for PBXNativeTarget "FoodRecipe" */;
			buildPhases = (
				A548C04D2AADBA9F00884B91 /* Sources */,
				A548C04E2AADBA9F00884B91 /* Frameworks */,
				A548C04F2AADBA9F00884B91 /* Resources */,
			);
			buildRules = (
			);
			dependencies = (
			);
			name = FoodRecipe;
			packageProductDependencies = (
				A548C0652AADBE0B00884B91 /* FirebaseAuth */,
				A548C0672AADBE0B00884B91 /* FirebaseFirestore */,
				A548C0692AADBE0B00884B91 /* FirebaseFirestoreSwift */,
				A548C06B2AADBE0B00884B91 /* FirebaseStorage */,
				CC8D218F2AB08D6F0036ABF3 /* SlidingTabView */,
			);
			productName = FoodRecipe;
			productReference = A548C0512AADBA9F00884B91 /* FoodRecipe.app */;
			productType = "com.apple.product-type.application";
		};
/* End PBXNativeTarget section */

/* Begin PBXProject section */
		A548C0492AADBA9F00884B91 /* Project object */ = {
			isa = PBXProject;
			attributes = {
				BuildIndependentTargetsInParallel = 1;
				LastSwiftUpdateCheck = 1430;
				LastUpgradeCheck = 1430;
				TargetAttributes = {
					A548C0502AADBA9F00884B91 = {
						CreatedOnToolsVersion = 14.3.1;
					};
				};
			};
			buildConfigurationList = A548C04C2AADBA9F00884B91 /* Build configuration list for PBXProject "FoodRecipe" */;
			compatibilityVersion = "Xcode 14.0";
			developmentRegion = en;
			hasScannedForEncodings = 0;
			knownRegions = (
				en,
				Base,
			);
			mainGroup = A548C0482AADBA9F00884B91;
			packageReferences = (
				A548C0642AADBE0B00884B91 /* XCRemoteSwiftPackageReference "firebase-ios-sdk" */,
				CC8D218E2AB08D6F0036ABF3 /* XCRemoteSwiftPackageReference "SlidingTabView" */,
			);
			productRefGroup = A548C0522AADBA9F00884B91 /* Products */;
			projectDirPath = "";
			projectRoot = "";
			targets = (
				A548C0502AADBA9F00884B91 /* FoodRecipe */,
			);
		};
/* End PBXProject section */

/* Begin PBXResourcesBuildPhase section */
		A548C04F2AADBA9F00884B91 /* Resources */ = {
			isa = PBXResourcesBuildPhase;
			buildActionMask = 2147483647;
			files = (
				A1A85E602AAEF08500875285 /* ZillaSlab-Medium.ttf in Resources */,
				A1A85E5A2AAEF08500875285 /* ZillaSlab-SemiBoldItalic.ttf in Resources */,
				A548C05C2AADBAA000884B91 /* Preview Assets.xcassets in Resources */,
				A1A85E5D2AAEF08500875285 /* ZillaSlab-Bold.ttf in Resources */,
				A1A85E622AAEF08C00875285 /* ZillaSlab-MediumItalic.ttf in Resources */,
				A1A85E5C2AAEF08500875285 /* ZillaSlab-Light.ttf in Resources */,
				A548C0592AADBAA000884B91 /* Assets.xcassets in Resources */,
				A1A85E5F2AAEF08500875285 /* ZillaSlab-Italic.ttf in Resources */,
				A1A85E5B2AAEF08500875285 /* ZillaSlab-LightItalic.ttf in Resources */,
				A1A85E5E2AAEF08500875285 /* ZillaSlab-SemiBold.ttf in Resources */,
				A1A85E582AAEF08500875285 /* ZillaSlab-Regular.ttf in Resources */,
				A548C0632AADBD7400884B91 /* GoogleService-Info.plist in Resources */,
				A1A85E592AAEF08500875285 /* ZillaSlab-BoldItalic.ttf in Resources */,
			);
			runOnlyForDeploymentPostprocessing = 0;
		};
/* End PBXResourcesBuildPhase section */

/* Begin PBXSourcesBuildPhase section */
		A548C04D2AADBA9F00884B91 /* Sources */ = {
			isa = PBXSourcesBuildPhase;
			buildActionMask = 2147483647;
			files = (
				A548C0832AADE27C00884B91 /* Alert.swift in Sources */,
				CCD973E92AAF0A7100E1AF9C /* RecipeDetailView.swift in Sources */,
				A17B541B2AB039B70096A8A9 /* ImageProcessing.swfit.swift in Sources */,
				A53A6B872AAF6080007ECBCD /* FirebaseImage.swift in Sources */,
				A188D5AA2AB1747700E8FF0E /* RoundedCorners.swift in Sources */,
				A5F1C2D92AB324B500949874 /* RecipeManger.swift in Sources */,
				A17132F52AB573B500F103CF /* Progress.swift in Sources */,
				A5A529A32AB931B600F2591F /* UserProfileViewModel.swift in Sources */,
				A5F1C2DB2AB3265D00949874 /* Errors.swift in Sources */,
				CC8D218D2AB01D080036ABF3 /* StepsView.swift in Sources */,
				A548C0852AADE2D400884B91 /* UserAvatar.swift in Sources */,
				CC85B0C62AB1A78900913056 /* SearchBar.swift in Sources */,
				CC8D218B2AB0164F0036ABF3 /* SectionTitleView.swift in Sources */,
				A120051F2AB74B6000E11DF6 /* testView.swift in Sources */,
				A12005182AB58B3B00E11DF6 /* InputFieldManager.swift in Sources */,
				A11EAE902AB97BFC008E56B5 /* TDEEWrapperView.swift in Sources */,
				A5A529A52ABA1A9900F2591F /* TDDEViewModel.swift in Sources */,
				A548C07B2AADDD6800884B91 /* User.swift in Sources */,
				A17B54192AB039960096A8A9 /* AuthViewModel.swift in Sources */,
				A1A85E682AAF031E00875285 /* Color.swift in Sources */,
				CC8D21872AB00B2A0036ABF3 /* IngredientsView.swift in Sources */,
				A548C0572AADBA9F00884B91 /* ContentView.swift in Sources */,
				A57741F42AB43CBC009B4882 /* HomeViewModel.swift in Sources */,
				A120051D2AB6E9BE00E11DF6 /* TDDEFormView.swift in Sources */,
				A57741F82AB483C7009B4882 /* SearchViewModel.swift in Sources */,
				C2C5F22B2AB85A4A003A54A6 /* CreateRecipeViewModel.swift in Sources */,
				CCD973EE2AAF3D3300E1AF9C /* NutritionView.swift in Sources */,
				C2E9278A2AB4D48C00C9E450 /* CreateIntroView.swift in Sources */,
				CCD3FD562AB5B83B00B51F67 /* CookModeView.swift in Sources */,
				A120051A2AB5A22800E11DF6 /* SignupView.swift in Sources */,
				CCE488562AB71B4600A58FFA /* NavBar.swift in Sources */,
				C2E9278E2AB4D56900C9E450 /* CreateStepsView.swift in Sources */,
				C2E9278C2AB4D52E00C9E450 /* CreateIngredientsView.swift in Sources */,
				CC85B0C22AB1A6B400913056 /* SearchView.swift in Sources */,
				A548C0872AADE37C00884B91 /* UserProfileView.swift in Sources */,
				A17F893A2AB837B800D0FBD7 /* RecipeCard.swift in Sources */,
				A188D5AC2AB1749300E8FF0E /* PopUp.swift in Sources */,
				C2C88E222AB4434200312F8A /* RecipeListView.swift in Sources */,
				CCD3FD542AB5A4F300B51F67 /* CompactRecipeCard.swift in Sources */,
				A1556EDF2AB2E42E00074074 /* OnLoadingPageView.swift in Sources */,
				A1556EE12AB2EB9B00074074 /* OnLoadingList.swift in Sources */,
				CCD973EC2AAF2D6600E1AF9C /* TagView.swift in Sources */,
				A548C0772AADBF9400884B91 /* LoginView.swift in Sources */,
				C2E927882AB4D17600C9E450 /* CreateRecipeView.swift in Sources */,
				A53A6B812AAF2E81007ECBCD /* Recipe.swift in Sources */,
				C2C88E282AB4480F00312F8A /* SavedRecipeListView.swift in Sources */,
				A5F1C2D82AB324B500949874 /* UserManager.swift in Sources */,
				A548C0552AADBA9F00884B91 /* FoodRecipeApp.swift in Sources */,
				A57741FA2AB5E4D1009B4882 /* DateTimeFormat.swift in Sources */,
				A17F89382AB82BC500D0FBD7 /* TDEEPersonalView.swift in Sources */,
				C26D206C2AB19AE00003376E /* HomeView.swift in Sources */,
				A12005212AB74F6200E11DF6 /* TDEEWelcomeList.swift in Sources */,
				A57741F62AB45F97009B4882 /* RecipeDetailViewModel.swift in Sources */,
				A17132F32AB5728D00F103CF /* TestProgress.swift in Sources */,
				C2C88E242AB443C000312F8A /* RecipeDetailViewDemo.swift in Sources */,
				A548C0812AADE22B00884B91 /* InputField.swift in Sources */,
				CC8D21892AB012EA0036ABF3 /* SectionContainerView.swift in Sources */,
				CCE488582AB723A000A58FFA /* PageView.swift in Sources */,
				A188D5AF2AB1870500E8FF0E /* TestColors.swift in Sources */,
			);
			runOnlyForDeploymentPostprocessing = 0;
		};
/* End PBXSourcesBuildPhase section */

/* Begin XCBuildConfiguration section */
		A548C05D2AADBAA000884B91 /* Debug */ = {
			isa = XCBuildConfiguration;
			buildSettings = {
				ALWAYS_SEARCH_USER_PATHS = NO;
				CLANG_ANALYZER_NONNULL = YES;
				CLANG_ANALYZER_NUMBER_OBJECT_CONVERSION = YES_AGGRESSIVE;
				CLANG_CXX_LANGUAGE_STANDARD = "gnu++20";
				CLANG_ENABLE_MODULES = YES;
				CLANG_ENABLE_OBJC_ARC = YES;
				CLANG_ENABLE_OBJC_WEAK = YES;
				CLANG_WARN_BLOCK_CAPTURE_AUTORELEASING = YES;
				CLANG_WARN_BOOL_CONVERSION = YES;
				CLANG_WARN_COMMA = YES;
				CLANG_WARN_CONSTANT_CONVERSION = YES;
				CLANG_WARN_DEPRECATED_OBJC_IMPLEMENTATIONS = YES;
				CLANG_WARN_DIRECT_OBJC_ISA_USAGE = YES_ERROR;
				CLANG_WARN_DOCUMENTATION_COMMENTS = YES;
				CLANG_WARN_EMPTY_BODY = YES;
				CLANG_WARN_ENUM_CONVERSION = YES;
				CLANG_WARN_INFINITE_RECURSION = YES;
				CLANG_WARN_INT_CONVERSION = YES;
				CLANG_WARN_NON_LITERAL_NULL_CONVERSION = YES;
				CLANG_WARN_OBJC_IMPLICIT_RETAIN_SELF = YES;
				CLANG_WARN_OBJC_LITERAL_CONVERSION = YES;
				CLANG_WARN_OBJC_ROOT_CLASS = YES_ERROR;
				CLANG_WARN_QUOTED_INCLUDE_IN_FRAMEWORK_HEADER = YES;
				CLANG_WARN_RANGE_LOOP_ANALYSIS = YES;
				CLANG_WARN_STRICT_PROTOTYPES = YES;
				CLANG_WARN_SUSPICIOUS_MOVE = YES;
				CLANG_WARN_UNGUARDED_AVAILABILITY = YES_AGGRESSIVE;
				CLANG_WARN_UNREACHABLE_CODE = YES;
				CLANG_WARN__DUPLICATE_METHOD_MATCH = YES;
				COPY_PHASE_STRIP = NO;
				DEBUG_INFORMATION_FORMAT = dwarf;
				ENABLE_STRICT_OBJC_MSGSEND = YES;
				ENABLE_TESTABILITY = YES;
				GCC_C_LANGUAGE_STANDARD = gnu11;
				GCC_DYNAMIC_NO_PIC = NO;
				GCC_NO_COMMON_BLOCKS = YES;
				GCC_OPTIMIZATION_LEVEL = 0;
				GCC_PREPROCESSOR_DEFINITIONS = (
					"DEBUG=1",
					"$(inherited)",
				);
				GCC_WARN_64_TO_32_BIT_CONVERSION = YES;
				GCC_WARN_ABOUT_RETURN_TYPE = YES_ERROR;
				GCC_WARN_UNDECLARED_SELECTOR = YES;
				GCC_WARN_UNINITIALIZED_AUTOS = YES_AGGRESSIVE;
				GCC_WARN_UNUSED_FUNCTION = YES;
				GCC_WARN_UNUSED_VARIABLE = YES;
				IPHONEOS_DEPLOYMENT_TARGET = 16.4;
				MTL_ENABLE_DEBUG_INFO = INCLUDE_SOURCE;
				MTL_FAST_MATH = YES;
				ONLY_ACTIVE_ARCH = YES;
				SDKROOT = iphoneos;
				SWIFT_ACTIVE_COMPILATION_CONDITIONS = DEBUG;
				SWIFT_OPTIMIZATION_LEVEL = "-Onone";
			};
			name = Debug;
		};
		A548C05E2AADBAA000884B91 /* Release */ = {
			isa = XCBuildConfiguration;
			buildSettings = {
				ALWAYS_SEARCH_USER_PATHS = NO;
				CLANG_ANALYZER_NONNULL = YES;
				CLANG_ANALYZER_NUMBER_OBJECT_CONVERSION = YES_AGGRESSIVE;
				CLANG_CXX_LANGUAGE_STANDARD = "gnu++20";
				CLANG_ENABLE_MODULES = YES;
				CLANG_ENABLE_OBJC_ARC = YES;
				CLANG_ENABLE_OBJC_WEAK = YES;
				CLANG_WARN_BLOCK_CAPTURE_AUTORELEASING = YES;
				CLANG_WARN_BOOL_CONVERSION = YES;
				CLANG_WARN_COMMA = YES;
				CLANG_WARN_CONSTANT_CONVERSION = YES;
				CLANG_WARN_DEPRECATED_OBJC_IMPLEMENTATIONS = YES;
				CLANG_WARN_DIRECT_OBJC_ISA_USAGE = YES_ERROR;
				CLANG_WARN_DOCUMENTATION_COMMENTS = YES;
				CLANG_WARN_EMPTY_BODY = YES;
				CLANG_WARN_ENUM_CONVERSION = YES;
				CLANG_WARN_INFINITE_RECURSION = YES;
				CLANG_WARN_INT_CONVERSION = YES;
				CLANG_WARN_NON_LITERAL_NULL_CONVERSION = YES;
				CLANG_WARN_OBJC_IMPLICIT_RETAIN_SELF = YES;
				CLANG_WARN_OBJC_LITERAL_CONVERSION = YES;
				CLANG_WARN_OBJC_ROOT_CLASS = YES_ERROR;
				CLANG_WARN_QUOTED_INCLUDE_IN_FRAMEWORK_HEADER = YES;
				CLANG_WARN_RANGE_LOOP_ANALYSIS = YES;
				CLANG_WARN_STRICT_PROTOTYPES = YES;
				CLANG_WARN_SUSPICIOUS_MOVE = YES;
				CLANG_WARN_UNGUARDED_AVAILABILITY = YES_AGGRESSIVE;
				CLANG_WARN_UNREACHABLE_CODE = YES;
				CLANG_WARN__DUPLICATE_METHOD_MATCH = YES;
				COPY_PHASE_STRIP = NO;
				DEBUG_INFORMATION_FORMAT = "dwarf-with-dsym";
				ENABLE_NS_ASSERTIONS = NO;
				ENABLE_STRICT_OBJC_MSGSEND = YES;
				GCC_C_LANGUAGE_STANDARD = gnu11;
				GCC_NO_COMMON_BLOCKS = YES;
				GCC_WARN_64_TO_32_BIT_CONVERSION = YES;
				GCC_WARN_ABOUT_RETURN_TYPE = YES_ERROR;
				GCC_WARN_UNDECLARED_SELECTOR = YES;
				GCC_WARN_UNINITIALIZED_AUTOS = YES_AGGRESSIVE;
				GCC_WARN_UNUSED_FUNCTION = YES;
				GCC_WARN_UNUSED_VARIABLE = YES;
				IPHONEOS_DEPLOYMENT_TARGET = 16.4;
				MTL_ENABLE_DEBUG_INFO = NO;
				MTL_FAST_MATH = YES;
				SDKROOT = iphoneos;
				SWIFT_COMPILATION_MODE = wholemodule;
				SWIFT_OPTIMIZATION_LEVEL = "-O";
				VALIDATE_PRODUCT = YES;
			};
			name = Release;
		};
		A548C0602AADBAA000884B91 /* Debug */ = {
			isa = XCBuildConfiguration;
			buildSettings = {
				ASSETCATALOG_COMPILER_APPICON_NAME = AppIcon;
				ASSETCATALOG_COMPILER_GLOBAL_ACCENT_COLOR_NAME = AccentColor;
				CODE_SIGN_STYLE = Automatic;
				CURRENT_PROJECT_VERSION = 1;
				DEVELOPMENT_ASSET_PATHS = "\"FoodRecipe/Preview Content\"";
				ENABLE_PREVIEWS = YES;
				GENERATE_INFOPLIST_FILE = YES;
				INFOPLIST_FILE = FoodRecipe/Info.plist;
				INFOPLIST_KEY_CFBundleDisplayName = RecipePal;
				INFOPLIST_KEY_UIApplicationSceneManifest_Generation = YES;
				INFOPLIST_KEY_UIApplicationSupportsIndirectInputEvents = YES;
				INFOPLIST_KEY_UILaunchScreen_Generation = YES;
				INFOPLIST_KEY_UISupportedInterfaceOrientations_iPad = "UIInterfaceOrientationPortrait UIInterfaceOrientationPortraitUpsideDown UIInterfaceOrientationLandscapeLeft UIInterfaceOrientationLandscapeRight";
				INFOPLIST_KEY_UISupportedInterfaceOrientations_iPhone = "UIInterfaceOrientationPortrait UIInterfaceOrientationLandscapeLeft UIInterfaceOrientationLandscapeRight";
				LD_RUNPATH_SEARCH_PATHS = (
					"$(inherited)",
					"@executable_path/Frameworks",
				);
				MARKETING_VERSION = 1.0;
				PRODUCT_BUNDLE_IDENTIFIER = teamAndroid.FoodRecipe;
				PRODUCT_NAME = "$(TARGET_NAME)";
				SWIFT_EMIT_LOC_STRINGS = YES;
				SWIFT_VERSION = 5.0;
				TARGETED_DEVICE_FAMILY = "1,2";
			};
			name = Debug;
		};
		A548C0612AADBAA000884B91 /* Release */ = {
			isa = XCBuildConfiguration;
			buildSettings = {
				ASSETCATALOG_COMPILER_APPICON_NAME = AppIcon;
				ASSETCATALOG_COMPILER_GLOBAL_ACCENT_COLOR_NAME = AccentColor;
				CODE_SIGN_STYLE = Automatic;
				CURRENT_PROJECT_VERSION = 1;
				DEVELOPMENT_ASSET_PATHS = "\"FoodRecipe/Preview Content\"";
				ENABLE_PREVIEWS = YES;
				GENERATE_INFOPLIST_FILE = YES;
				INFOPLIST_FILE = FoodRecipe/Info.plist;
				INFOPLIST_KEY_CFBundleDisplayName = RecipePal;
				INFOPLIST_KEY_UIApplicationSceneManifest_Generation = YES;
				INFOPLIST_KEY_UIApplicationSupportsIndirectInputEvents = YES;
				INFOPLIST_KEY_UILaunchScreen_Generation = YES;
				INFOPLIST_KEY_UISupportedInterfaceOrientations_iPad = "UIInterfaceOrientationPortrait UIInterfaceOrientationPortraitUpsideDown UIInterfaceOrientationLandscapeLeft UIInterfaceOrientationLandscapeRight";
				INFOPLIST_KEY_UISupportedInterfaceOrientations_iPhone = "UIInterfaceOrientationPortrait UIInterfaceOrientationLandscapeLeft UIInterfaceOrientationLandscapeRight";
				LD_RUNPATH_SEARCH_PATHS = (
					"$(inherited)",
					"@executable_path/Frameworks",
				);
				MARKETING_VERSION = 1.0;
				PRODUCT_BUNDLE_IDENTIFIER = teamAndroid.FoodRecipe;
				PRODUCT_NAME = "$(TARGET_NAME)";
				SWIFT_EMIT_LOC_STRINGS = YES;
				SWIFT_VERSION = 5.0;
				TARGETED_DEVICE_FAMILY = "1,2";
			};
			name = Release;
		};
/* End XCBuildConfiguration section */

/* Begin XCConfigurationList section */
		A548C04C2AADBA9F00884B91 /* Build configuration list for PBXProject "FoodRecipe" */ = {
			isa = XCConfigurationList;
			buildConfigurations = (
				A548C05D2AADBAA000884B91 /* Debug */,
				A548C05E2AADBAA000884B91 /* Release */,
			);
			defaultConfigurationIsVisible = 0;
			defaultConfigurationName = Release;
		};
		A548C05F2AADBAA000884B91 /* Build configuration list for PBXNativeTarget "FoodRecipe" */ = {
			isa = XCConfigurationList;
			buildConfigurations = (
				A548C0602AADBAA000884B91 /* Debug */,
				A548C0612AADBAA000884B91 /* Release */,
			);
			defaultConfigurationIsVisible = 0;
			defaultConfigurationName = Release;
		};
/* End XCConfigurationList section */

/* Begin XCRemoteSwiftPackageReference section */
		A548C0642AADBE0B00884B91 /* XCRemoteSwiftPackageReference "firebase-ios-sdk" */ = {
			isa = XCRemoteSwiftPackageReference;
			repositoryURL = "https://github.com/firebase/firebase-ios-sdk";
			requirement = {
				kind = upToNextMajorVersion;
				minimumVersion = 10.0.0;
			};
		};
		CC8D218E2AB08D6F0036ABF3 /* XCRemoteSwiftPackageReference "SlidingTabView" */ = {
			isa = XCRemoteSwiftPackageReference;
			repositoryURL = "https://github.com/QuynhNguyen/SlidingTabView.git";
			requirement = {
				kind = upToNextMajorVersion;
				minimumVersion = 1.0.0;
			};
		};
/* End XCRemoteSwiftPackageReference section */

/* Begin XCSwiftPackageProductDependency section */
		A548C0652AADBE0B00884B91 /* FirebaseAuth */ = {
			isa = XCSwiftPackageProductDependency;
			package = A548C0642AADBE0B00884B91 /* XCRemoteSwiftPackageReference "firebase-ios-sdk" */;
			productName = FirebaseAuth;
		};
		A548C0672AADBE0B00884B91 /* FirebaseFirestore */ = {
			isa = XCSwiftPackageProductDependency;
			package = A548C0642AADBE0B00884B91 /* XCRemoteSwiftPackageReference "firebase-ios-sdk" */;
			productName = FirebaseFirestore;
		};
		A548C0692AADBE0B00884B91 /* FirebaseFirestoreSwift */ = {
			isa = XCSwiftPackageProductDependency;
			package = A548C0642AADBE0B00884B91 /* XCRemoteSwiftPackageReference "firebase-ios-sdk" */;
			productName = FirebaseFirestoreSwift;
		};
		A548C06B2AADBE0B00884B91 /* FirebaseStorage */ = {
			isa = XCSwiftPackageProductDependency;
			package = A548C0642AADBE0B00884B91 /* XCRemoteSwiftPackageReference "firebase-ios-sdk" */;
			productName = FirebaseStorage;
		};
		CC8D218F2AB08D6F0036ABF3 /* SlidingTabView */ = {
			isa = XCSwiftPackageProductDependency;
			package = CC8D218E2AB08D6F0036ABF3 /* XCRemoteSwiftPackageReference "SlidingTabView" */;
			productName = SlidingTabView;
		};
/* End XCSwiftPackageProductDependency section */
	};
	rootObject = A548C0492AADBA9F00884B91 /* Project object */;
}
